
Microsoft Visual Studio Solution File, Format Version 12.00
# Visual Studio Version 17
VisualStudioVersion = 17.10.35013.160
MinimumVisualStudioVersion = 10.0.40219.1
Project("{FAE04EC0-301F-11D3-BF4B-00C04F79EFBC}") = "Scarpe&co", "Scarpe&co.csproj", "{D73F9902-11E4-488D-90F5-6EB8FC4B72F0}"
EndProject
Global
	GlobalSection(SolutionConfigurationPlatforms) = preSolution
		Debug|Any CPU = Debug|Any CPU
		Release|Any CPU = Release|Any CPU
	EndGlobalSection
	GlobalSection(ProjectConfigurationPlatforms) = postSolution
		{D73F9902-11E4-488D-90F5-6EB8FC4B72F0}.Debug|Any CPU.ActiveCfg = Debug|Any CPU
		{D73F9902-11E4-488D-90F5-6EB8FC4B72F0}.Debug|Any CPU.Build.0 = Debug|Any CPU
		{D73F9902-11E4-488D-90F5-6EB8FC4B72F0}.Release|Any CPU.ActiveCfg = Release|Any CPU
		{D73F9902-11E4-488D-90F5-6EB8FC4B72F0}.Release|Any CPU.Build.0 = Release|Any CPU
	EndGlobalSection
	GlobalSection(SolutionProperties) = preSolution
		HideSolutionNode = FALSE
	EndGlobalSection
	GlobalSection(ExtensibilityGlobals) = postSolution
		SolutionGuid = {7C4676B7-4391-41A9-844E-3A986088C05B}
	EndGlobalSection
EndGlobal
